// !$*UTF8*$!
{
	archiveVersion = 1;
	classes = {
	};
	objectVersion = 46;
	objects = {

/* Begin PBXBuildFile section */
		8B035C9B1AB74F5E0099BB0D /* CardGame.cpp in Sources */ = {isa = PBXBuildFile; fileRef = 8B035C9A1AB74F5E0099BB0D /* CardGame.cpp */; };
		8B035CA31AB74F910099BB0D /* Card.cpp in Sources */ = {isa = PBXBuildFile; fileRef = 8B035CA11AB74F910099BB0D /* Card.cpp */; };
		8B035CA61AB74F980099BB0D /* Hand.cpp in Sources */ = {isa = PBXBuildFile; fileRef = 8B035CA41AB74F970099BB0D /* Hand.cpp */; };
		8B035CA91AB74F9D0099BB0D /* Deck.cpp in Sources */ = {isa = PBXBuildFile; fileRef = 8B035CA71AB74F9D0099BB0D /* Deck.cpp */; };
/* End PBXBuildFile section */

/* Begin PBXCopyFilesBuildPhase section */
		8B035C951AB74F5E0099BB0D /* CopyFiles */ = {
			isa = PBXCopyFilesBuildPhase;
			buildActionMask = 2147483647;
			dstPath = /usr/share/man/man1/;
			dstSubfolderSpec = 0;
			files = (
			);
			runOnlyForDeploymentPostprocessing = 1;
		};
/* End PBXCopyFilesBuildPhase section */

/* Begin PBXFileReference section */
		8B035C971AB74F5E0099BB0D /* CardGame */ = {isa = PBXFileReference; explicitFileType = "compiled.mach-o.executable"; includeInIndex = 0; path = CardGame; sourceTree = BUILT_PRODUCTS_DIR; };
		8B035C9A1AB74F5E0099BB0D /* CardGame.cpp */ = {isa = PBXFileReference; lastKnownFileType = sourcecode.cpp.cpp; path = CardGame.cpp; sourceTree = "<group>"; };
		8B035CA11AB74F910099BB0D /* Card.cpp */ = {isa = PBXFileReference; fileEncoding = 4; lastKnownFileType = sourcecode.cpp.cpp; path = Card.cpp; sourceTree = "<group>"; };
		8B035CA21AB74F910099BB0D /* Card.h */ = {isa = PBXFileReference; fileEncoding = 4; lastKnownFileType = sourcecode.c.h; path = Card.h; sourceTree = "<group>"; };
		8B035CA41AB74F970099BB0D /* Hand.cpp */ = {isa = PBXFileReference; fileEncoding = 4; lastKnownFileType = sourcecode.cpp.cpp; path = Hand.cpp; sourceTree = "<group>"; };
		8B035CA51AB74F980099BB0D /* Hand.h */ = {isa = PBXFileReference; fileEncoding = 4; lastKnownFileType = sourcecode.c.h; path = Hand.h; sourceTree = "<group>"; };
		8B035CA71AB74F9D0099BB0D /* Deck.cpp */ = {isa = PBXFileReference; fileEncoding = 4; lastKnownFileType = sourcecode.cpp.cpp; path = Deck.cpp; sourceTree = "<group>"; };
		8B035CA81AB74F9D0099BB0D /* Deck.h */ = {isa = PBXFileReference; fileEncoding = 4; lastKnownFileType = sourcecode.c.h; path = Deck.h; sourceTree = "<group>"; };
/* End PBXFileReference section */

/* Begin PBXFrameworksBuildPhase section */
		8B035C941AB74F5E0099BB0D /* Frameworks */ = {
			isa = PBXFrameworksBuildPhase;
			buildActionMask = 2147483647;
			files = (
			);
			runOnlyForDeploymentPostprocessing = 0;
		};
/* End PBXFrameworksBuildPhase section */

/* Begin PBXGroup section */
		8B035C8E1AB74F5E0099BB0D = {
			isa = PBXGroup;
			children = (
				8B035C991AB74F5E0099BB0D /* CardGame */,
				8B035C981AB74F5E0099BB0D /* Products */,
			);
			sourceTree = "<group>";
		};
		8B035C981AB74F5E0099BB0D /* Products */ = {
			isa = PBXGroup;
			children = (
				8B035C971AB74F5E0099BB0D /* CardGame */,
			);
			name = Products;
			sourceTree = "<group>";
		};
		8B035C991AB74F5E0099BB0D /* CardGame */ = {
			isa = PBXGroup;
			children = (
				8B035C9A1AB74F5E0099BB0D /* CardGame.cpp */,
				8B035CA11AB74F910099BB0D /* Card.cpp */,
				8B035CA21AB74F910099BB0D /* Card.h */,
				8B035CA71AB74F9D0099BB0D /* Deck.cpp */,
				8B035CA81AB74F9D0099BB0D /* Deck.h */,
				8B035CA41AB74F970099BB0D /* Hand.cpp */,
				8B035CA51AB74F980099BB0D /* Hand.h */,
			);
			path = CardGame;
			sourceTree = "<group>";
		};
/* End PBXGroup section */

/* Begin PBXNativeTarget section */
		8B035C961AB74F5E0099BB0D /* CardGame */ = {
			isa = PBXNativeTarget;
			buildConfigurationList = 8B035C9E1AB74F5E0099BB0D /* Build configuration list for PBXNativeTarget "CardGame" */;
			buildPhases = (
				8B035C931AB74F5E0099BB0D /* Sources */,
				8B035C941AB74F5E0099BB0D /* Frameworks */,
				8B035C951AB74F5E0099BB0D /* CopyFiles */,
			);
			buildRules = (
			);
			dependencies = (
			);
			name = CardGame;
			productName = CardGame;
			productReference = 8B035C971AB74F5E0099BB0D /* CardGame */;
			productType = "com.apple.product-type.tool";
		};
/* End PBXNativeTarget section */

/* Begin PBXProject section */
		8B035C8F1AB74F5E0099BB0D /* Project object */ = {
			isa = PBXProject;
			attributes = {
				LastUpgradeCheck = 0610;
				ORGANIZATIONNAME = "Corona Industries LTD";
				TargetAttributes = {
					8B035C961AB74F5E0099BB0D = {
						CreatedOnToolsVersion = 6.1;
					};
				};
			};
			buildConfigurationList = 8B035C921AB74F5E0099BB0D /* Build configuration list for PBXProject "CardGame" */;
			compatibilityVersion = "Xcode 3.2";
			developmentRegion = English;
			hasScannedForEncodings = 0;
			knownRegions = (
				en,
			);
			mainGroup = 8B035C8E1AB74F5E0099BB0D;
			productRefGroup = 8B035C981AB74F5E0099BB0D /* Products */;
			projectDirPath = "";
			projectRoot = "";
			targets = (
				8B035C961AB74F5E0099BB0D /* CardGame */,
			);
		};
/* End PBXProject section */

/* Begin PBXSourcesBuildPhase section */
		8B035C931AB74F5E0099BB0D /* Sources */ = {
			isa = PBXSourcesBuildPhase;
			buildActionMask = 2147483647;
			files = (
				8B035CA91AB74F9D0099BB0D /* Deck.cpp in Sources */,
				8B035CA61AB74F980099BB0D /* Hand.cpp in Sources */,
				8B035C9B1AB74F5E0099BB0D /* CardGame.cpp in Sources */,
				8B035CA31AB74F910099BB0D /* Card.cpp in Sources */,
			);
			runOnlyForDeploymentPostprocessing = 0;
		};
/* End PBXSourcesBuildPhase section */

/* Begin XCBuildConfiguration section */
		8B035C9C1AB74F5E0099BB0D /* Debug */ = {
			isa = XCBuildConfiguration;
			buildSettings = {
				ALWAYS_SEARCH_USER_PATHS = NO;
				CLANG_CXX_LANGUAGE_STANDARD = "gnu++0x";
				CLANG_CXX_LIBRARY = "libc++";
				CLANG_ENABLE_MODULES = YES;
				CLANG_ENABLE_OBJC_ARC = YES;
				CLANG_WARN_BOOL_CONVERSION = YES;
				CLANG_WARN_CONSTANT_CONVERSION = YES;
				CLANG_WARN_DIRECT_OBJC_ISA_USAGE = YES_ERROR;
				CLANG_WARN_EMPTY_BODY = YES;
				CLANG_WARN_ENUM_CONVERSION = YES;
				CLANG_WARN_INT_CONVERSION = YES;
				CLANG_WARN_OBJC_ROOT_CLASS = YES_ERROR;
				CLANG_WARN_UNREACHABLE_CODE = YES;
				CLANG_WARN__DUPLICATE_METHOD_MATCH = YES;
				COPY_PHASE_STRIP = NO;
				ENABLE_STRICT_OBJC_MSGSEND = YES;
				GCC_C_LANGUAGE_STANDARD = gnu99;
				GCC_DYNAMIC_NO_PIC = NO;
				GCC_OPTIMIZATION_LEVEL = 0;
				GCC_PREPROCESSOR_DEFINITIONS = (
					"DEBUG=1",
					"$(inherited)",
				);
				GCC_SYMBOLS_PRIVATE_EXTERN = NO;
				GCC_WARN_64_TO_32_BIT_CONVERSION = YES;
				GCC_WARN_ABOUT_RETURN_TYPE = YES_ERROR;
				GCC_WARN_UNDECLARED_SELECTOR = YES;
				GCC_WARN_UNINITIALIZED_AUTOS = YES_AGGRESSIVE;
				GCC_WARN_UNUSED_FUNCTION = YES;
				GCC_WARN_UNUSED_VARIABLE = YES;
				MACOSX_DEPLOYMENT_TARGET = 10.9;
				MTL_ENABLE_DEBUG_INFO = YES;
				ONLY_ACTIVE_ARCH = YES;
				SDKROOT = macosx;
			};
			name = Debug;
		};
		8B035C9D1AB74F5E0099BB0D /* Release */ = {
			isa = XCBuildConfiguration;
			buildSettings = {
				ALWAYS_SEARCH_USER_PATHS = NO;
				CLANG_CXX_LANGUAGE_STANDARD = "gnu++0x";
				CLANG_CXX_LIBRARY = "libc++";
				CLANG_ENABLE_MODULES = YES;
				CLANG_ENABLE_OBJC_ARC = YES;
				CLANG_WARN_BOOL_CONVERSION = YES;
				CLANG_WARN_CONSTANT_CONVERSION = YES;
				CLANG_WARN_DIRECT_OBJC_ISA_USAGE = YES_ERROR;
				CLANG_WARN_EMPTY_BODY = YES;
				CLANG_WARN_ENUM_CONVERSION = YES;
				CLANG_WARN_INT_CONVERSION = YES;
				CLANG_WARN_OBJC_ROOT_CLASS = YES_ERROR;
				CLANG_WARN_UNREACHABLE_CODE = YES;
				CLANG_WARN__DUPLICATE_METHOD_MATCH = YES;
				COPY_PHASE_STRIP = YES;
				DEBUG_INFORMATION_FORMAT = "dwarf-with-dsym";
				ENABLE_NS_ASSERTIONS = NO;
				ENABLE_STRICT_OBJC_MSGSEND = YES;
				GCC_C_LANGUAGE_STANDARD = gnu99;
				GCC_WARN_64_TO_32_BIT_CONVERSION = YES;
				GCC_WARN_ABOUT_RETURN_TYPE = YES_ERROR;
				GCC_WARN_UNDECLARED_SELECTOR = YES;
				GCC_WARN_UNINITIALIZED_AUTOS = YES_AGGRESSIVE;
				GCC_WARN_UNUSED_FUNCTION = YES;
				GCC_WARN_UNUSED_VARIABLE = YES;
				MACOSX_DEPLOYMENT_TARGET = 10.9;
				MTL_ENABLE_DEBUG_INFO = NO;
				SDKROOT = macosx;
			};
			name = Release;
		};
		8B035C9F1AB74F5E0099BB0D /* Debug */ = {
			isa = XCBuildConfiguration;
			buildSettings = {
				PRODUCT_NAME = "$(TARGET_NAME)";
			};
			name = Debug;
		};
		8B035CA01AB74F5E0099BB0D /* Release */ = {
			isa = XCBuildConfiguration;
			buildSettings = {
				PRODUCT_NAME = "$(TARGET_NAME)";
			};
			name = Release;
		};
/* End XCBuildConfiguration section */

/* Begin XCConfigurationList section */
		8B035C921AB74F5E0099BB0D /* Build configuration list for PBXProject "CardGame" */ = {
			isa = XCConfigurationList;
			buildConfigurations = (
				8B035C9C1AB74F5E0099BB0D /* Debug */,
				8B035C9D1AB74F5E0099BB0D /* Release */,
			);
			defaultConfigurationIsVisible = 0;
			defaultConfigurationName = Release;
		};
		8B035C9E1AB74F5E0099BB0D /* Build configuration list for PBXNativeTarget "CardGame" */ = {
			isa = XCConfigurationList;
			buildConfigurations = (
				8B035C9F1AB74F5E0099BB0D /* Debug */,
				8B035CA01AB74F5E0099BB0D /* Release */,
			);
			defaultConfigurationIsVisible = 0;
		};
/* End XCConfigurationList section */
	};
	rootObject = 8B035C8F1AB74F5E0099BB0D /* Project object */;
}
