// !$*UTF8*$!
{
	archiveVersion = 1;
	classes = {
	};
	objectVersion = 46;
	objects = {

/* Begin PBXBuildFile section */
		8B20FE121C9E01AD0061752D /* main.m in Sources */ = {isa = PBXBuildFile; fileRef = 8B20FE111C9E01AD0061752D /* main.m */; };
		8B20FE1A1C9E0C020061752D /* unistring.c in Sources */ = {isa = PBXBuildFile; fileRef = 8B20FE181C9E0C020061752D /* unistring.c */; };
/* End PBXBuildFile section */

/* Begin PBXCopyFilesBuildPhase section */
		8B20FE0C1C9E01AD0061752D /* CopyFiles */ = {
			isa = PBXCopyFilesBuildPhase;
			buildActionMask = 2147483647;
			dstPath = /usr/share/man/man1/;
			dstSubfolderSpec = 0;
			files = (
			);
			runOnlyForDeploymentPostprocessing = 1;
		};
/* End PBXCopyFilesBuildPhase section */

/* Begin PBXFileReference section */
		8B20FE0E1C9E01AD0061752D /* uniprint */ = {isa = PBXFileReference; explicitFileType = "compiled.mach-o.executable"; includeInIndex = 0; path = uniprint; sourceTree = BUILT_PRODUCTS_DIR; };
		8B20FE111C9E01AD0061752D /* main.m */ = {isa = PBXFileReference; lastKnownFileType = sourcecode.c.objc; path = main.m; sourceTree = "<group>"; xcLanguageSpecificationIdentifier = xcode.lang.objc; };
		8B20FE181C9E0C020061752D /* unistring.c */ = {isa = PBXFileReference; fileEncoding = 4; lastKnownFileType = sourcecode.c.c; path = unistring.c; sourceTree = "<group>"; };
		8B20FE191C9E0C020061752D /* unistring.h */ = {isa = PBXFileReference; fileEncoding = 4; lastKnownFileType = sourcecode.c.h; path = unistring.h; sourceTree = "<group>"; };
/* End PBXFileReference section */

/* Begin PBXFrameworksBuildPhase section */
		8B20FE0B1C9E01AD0061752D /* Frameworks */ = {
			isa = PBXFrameworksBuildPhase;
			buildActionMask = 2147483647;
			files = (
			);
			runOnlyForDeploymentPostprocessing = 0;
		};
/* End PBXFrameworksBuildPhase section */

/* Begin PBXGroup section */
		8B20FE051C9E01AD0061752D = {
			isa = PBXGroup;
			children = (
				8B20FE101C9E01AD0061752D /* uniprint */,
				8B20FE0F1C9E01AD0061752D /* Products */,
			);
			sourceTree = "<group>";
		};
		8B20FE0F1C9E01AD0061752D /* Products */ = {
			isa = PBXGroup;
			children = (
				8B20FE0E1C9E01AD0061752D /* uniprint */,
			);
			name = Products;
			sourceTree = "<group>";
		};
		8B20FE101C9E01AD0061752D /* uniprint */ = {
			isa = PBXGroup;
			children = (
				8B20FE111C9E01AD0061752D /* main.m */,
				8B20FE191C9E0C020061752D /* unistring.h */,
				8B20FE181C9E0C020061752D /* unistring.c */,
			);
			path = uniprint;
			sourceTree = "<group>";
		};
/* End PBXGroup section */

/* Begin PBXNativeTarget section */
		8B20FE0D1C9E01AD0061752D /* uniprint */ = {
			isa = PBXNativeTarget;
			buildConfigurationList = 8B20FE151C9E01AD0061752D /* Build configuration list for PBXNativeTarget "uniprint" */;
			buildPhases = (
				8B20FE0A1C9E01AD0061752D /* Sources */,
				8B20FE0B1C9E01AD0061752D /* Frameworks */,
				8B20FE0C1C9E01AD0061752D /* CopyFiles */,
			);
			buildRules = (
			);
			dependencies = (
			);
			name = uniprint;
			productName = uniprint;
			productReference = 8B20FE0E1C9E01AD0061752D /* uniprint */;
			productType = "com.apple.product-type.tool";
		};
/* End PBXNativeTarget section */

/* Begin PBXProject section */
		8B20FE061C9E01AD0061752D /* Project object */ = {
			isa = PBXProject;
			attributes = {
				LastUpgradeCheck = 0730;
				ORGANIZATIONNAME = "Corona Industries LTD";
				TargetAttributes = {
					8B20FE0D1C9E01AD0061752D = {
						CreatedOnToolsVersion = 7.3;
					};
				};
			};
			buildConfigurationList = 8B20FE091C9E01AD0061752D /* Build configuration list for PBXProject "uniprint" */;
			compatibilityVersion = "Xcode 3.2";
			developmentRegion = English;
			hasScannedForEncodings = 0;
			knownRegions = (
				en,
			);
			mainGroup = 8B20FE051C9E01AD0061752D;
			productRefGroup = 8B20FE0F1C9E01AD0061752D /* Products */;
			projectDirPath = "";
			projectRoot = "";
			targets = (
				8B20FE0D1C9E01AD0061752D /* uniprint */,
			);
		};
/* End PBXProject section */

/* Begin PBXSourcesBuildPhase section */
		8B20FE0A1C9E01AD0061752D /* Sources */ = {
			isa = PBXSourcesBuildPhase;
			buildActionMask = 2147483647;
			files = (
				8B20FE121C9E01AD0061752D /* main.m in Sources */,
				8B20FE1A1C9E0C020061752D /* unistring.c in Sources */,
			);
			runOnlyForDeploymentPostprocessing = 0;
		};
/* End PBXSourcesBuildPhase section */

/* Begin XCBuildConfiguration section */
		8B20FE131C9E01AD0061752D /* Debug */ = {
			isa = XCBuildConfiguration;
			buildSettings = {
				ALWAYS_SEARCH_USER_PATHS = NO;
				CLANG_ANALYZER_NONNULL = YES;
				CLANG_CXX_LANGUAGE_STANDARD = "gnu++0x";
				CLANG_CXX_LIBRARY = "libc++";
				CLANG_ENABLE_MODULES = YES;
				CLANG_ENABLE_OBJC_ARC = YES;
				CLANG_WARN_BOOL_CONVERSION = YES;
				CLANG_WARN_CONSTANT_CONVERSION = YES;
				CLANG_WARN_DIRECT_OBJC_ISA_USAGE = YES_ERROR;
				CLANG_WARN_EMPTY_BODY = YES;
				CLANG_WARN_ENUM_CONVERSION = YES;
				CLANG_WARN_INT_CONVERSION = YES;
				CLANG_WARN_OBJC_ROOT_CLASS = YES_ERROR;
				CLANG_WARN_UNREACHABLE_CODE = YES;
				CLANG_WARN__DUPLICATE_METHOD_MATCH = YES;
				CODE_SIGN_IDENTITY = "-";
				COPY_PHASE_STRIP = NO;
				DEBUG_INFORMATION_FORMAT = dwarf;
				ENABLE_STRICT_OBJC_MSGSEND = YES;
				ENABLE_TESTABILITY = YES;
				GCC_C_LANGUAGE_STANDARD = gnu99;
				GCC_DYNAMIC_NO_PIC = NO;
				GCC_NO_COMMON_BLOCKS = YES;
				GCC_OPTIMIZATION_LEVEL = 0;
				GCC_PREPROCESSOR_DEFINITIONS = (
					"DEBUG=1",
					"$(inherited)",
				);
				GCC_WARN_64_TO_32_BIT_CONVERSION = YES;
				GCC_WARN_ABOUT_RETURN_TYPE = YES_ERROR;
				GCC_WARN_UNDECLARED_SELECTOR = YES;
				GCC_WARN_UNINITIALIZED_AUTOS = YES_AGGRESSIVE;
				GCC_WARN_UNUSED_FUNCTION = YES;
				GCC_WARN_UNUSED_VARIABLE = YES;
				MACOSX_DEPLOYMENT_TARGET = 10.11;
				MTL_ENABLE_DEBUG_INFO = YES;
				ONLY_ACTIVE_ARCH = YES;
				SDKROOT = macosx;
			};
			name = Debug;
		};
		8B20FE141C9E01AD0061752D /* Release */ = {
			isa = XCBuildConfiguration;
			buildSettings = {
				ALWAYS_SEARCH_USER_PATHS = NO;
				CLANG_ANALYZER_NONNULL = YES;
				CLANG_CXX_LANGUAGE_STANDARD = "gnu++0x";
				CLANG_CXX_LIBRARY = "libc++";
				CLANG_ENABLE_MODULES = YES;
				CLANG_ENABLE_OBJC_ARC = YES;
				CLANG_WARN_BOOL_CONVERSION = YES;
				CLANG_WARN_CONSTANT_CONVERSION = YES;
				CLANG_WARN_DIRECT_OBJC_ISA_USAGE = YES_ERROR;
				CLANG_WARN_EMPTY_BODY = YES;
				CLANG_WARN_ENUM_CONVERSION = YES;
				CLANG_WARN_INT_CONVERSION = YES;
				CLANG_WARN_OBJC_ROOT_CLASS = YES_ERROR;
				CLANG_WARN_UNREACHABLE_CODE = YES;
				CLANG_WARN__DUPLICATE_METHOD_MATCH = YES;
				CODE_SIGN_IDENTITY = "-";
				COPY_PHASE_STRIP = NO;
				DEBUG_INFORMATION_FORMAT = "dwarf-with-dsym";
				ENABLE_NS_ASSERTIONS = NO;
				ENABLE_STRICT_OBJC_MSGSEND = YES;
				GCC_C_LANGUAGE_STANDARD = gnu99;
				GCC_NO_COMMON_BLOCKS = YES;
				GCC_WARN_64_TO_32_BIT_CONVERSION = YES;
				GCC_WARN_ABOUT_RETURN_TYPE = YES_ERROR;
				GCC_WARN_UNDECLARED_SELECTOR = YES;
				GCC_WARN_UNINITIALIZED_AUTOS = YES_AGGRESSIVE;
				GCC_WARN_UNUSED_FUNCTION = YES;
				GCC_WARN_UNUSED_VARIABLE = YES;
				MACOSX_DEPLOYMENT_TARGET = 10.11;
				MTL_ENABLE_DEBUG_INFO = NO;
				SDKROOT = macosx;
			};
			name = Release;
		};
		8B20FE161C9E01AD0061752D /* Debug */ = {
			isa = XCBuildConfiguration;
			buildSettings = {
				PRODUCT_NAME = "$(TARGET_NAME)";
			};
			name = Debug;
		};
		8B20FE171C9E01AD0061752D /* Release */ = {
			isa = XCBuildConfiguration;
			buildSettings = {
				PRODUCT_NAME = "$(TARGET_NAME)";
			};
			name = Release;
		};
/* End XCBuildConfiguration section */

/* Begin XCConfigurationList section */
		8B20FE091C9E01AD0061752D /* Build configuration list for PBXProject "uniprint" */ = {
			isa = XCConfigurationList;
			buildConfigurations = (
				8B20FE131C9E01AD0061752D /* Debug */,
				8B20FE141C9E01AD0061752D /* Release */,
			);
			defaultConfigurationIsVisible = 0;
			defaultConfigurationName = Release;
		};
		8B20FE151C9E01AD0061752D /* Build configuration list for PBXNativeTarget "uniprint" */ = {
			isa = XCConfigurationList;
			buildConfigurations = (
				8B20FE161C9E01AD0061752D /* Debug */,
				8B20FE171C9E01AD0061752D /* Release */,
			);
			defaultConfigurationIsVisible = 0;
			defaultConfigurationName = Release;
		};
/* End XCConfigurationList section */
	};
	rootObject = 8B20FE061C9E01AD0061752D /* Project object */;
}
