// !$*UTF8*$!
{
	archiveVersion = 1;
	classes = {
	};
	objectVersion = 46;
	objects = {

/* Begin PBXBuildFile section */
		8B65CC431B741CA2000CA164 /* main.c in Sources */ = {isa = PBXBuildFile; fileRef = 8B65CC421B741CA2000CA164 /* main.c */; };
		8B65CC4B1B741D55000CA164 /* Cv4B.c in Sources */ = {isa = PBXBuildFile; fileRef = 8B65CC491B741D55000CA164 /* Cv4B.c */; };
		8B65CC501B741EB3000CA164 /* crc32.c in Sources */ = {isa = PBXBuildFile; fileRef = 8B65CC4E1B741EB3000CA164 /* crc32.c */; };
		8B65CC561B742000000CA164 /* car.c in Sources */ = {isa = PBXBuildFile; fileRef = 8B65CC541B742000000CA164 /* car.c */; };
		8B65CC591B7434B6000CA164 /* list.c in Sources */ = {isa = PBXBuildFile; fileRef = 8B65CC571B7434B6000CA164 /* list.c */; };
/* End PBXBuildFile section */

/* Begin PBXCopyFilesBuildPhase section */
		8B65CC3D1B741CA2000CA164 /* CopyFiles */ = {
			isa = PBXCopyFilesBuildPhase;
			buildActionMask = 2147483647;
			dstPath = /usr/share/man/man1/;
			dstSubfolderSpec = 0;
			files = (
			);
			runOnlyForDeploymentPostprocessing = 1;
		};
/* End PBXCopyFilesBuildPhase section */

/* Begin PBXFileReference section */
		8B65CC3F1B741CA2000CA164 /* car */ = {isa = PBXFileReference; explicitFileType = "compiled.mach-o.executable"; includeInIndex = 0; path = car; sourceTree = BUILT_PRODUCTS_DIR; };
		8B65CC421B741CA2000CA164 /* main.c */ = {isa = PBXFileReference; lastKnownFileType = sourcecode.c.c; path = main.c; sourceTree = "<group>"; };
		8B65CC491B741D55000CA164 /* Cv4B.c */ = {isa = PBXFileReference; fileEncoding = 4; lastKnownFileType = sourcecode.c.c; path = Cv4B.c; sourceTree = "<group>"; };
		8B65CC4A1B741D55000CA164 /* Cv4B.h */ = {isa = PBXFileReference; fileEncoding = 4; lastKnownFileType = sourcecode.c.h; path = Cv4B.h; sourceTree = "<group>"; };
		8B65CC4E1B741EB3000CA164 /* crc32.c */ = {isa = PBXFileReference; fileEncoding = 4; lastKnownFileType = sourcecode.c.c; path = crc32.c; sourceTree = "<group>"; };
		8B65CC4F1B741EB3000CA164 /* crc32.h */ = {isa = PBXFileReference; fileEncoding = 4; lastKnownFileType = sourcecode.c.h; path = crc32.h; sourceTree = "<group>"; };
		8B65CC541B742000000CA164 /* car.c */ = {isa = PBXFileReference; fileEncoding = 4; lastKnownFileType = sourcecode.c.c; path = car.c; sourceTree = "<group>"; };
		8B65CC551B742000000CA164 /* car.h */ = {isa = PBXFileReference; fileEncoding = 4; lastKnownFileType = sourcecode.c.h; path = car.h; sourceTree = "<group>"; };
		8B65CC571B7434B6000CA164 /* list.c */ = {isa = PBXFileReference; fileEncoding = 4; lastKnownFileType = sourcecode.c.c; path = list.c; sourceTree = "<group>"; };
		8B65CC581B7434B6000CA164 /* list.h */ = {isa = PBXFileReference; fileEncoding = 4; lastKnownFileType = sourcecode.c.h; path = list.h; sourceTree = "<group>"; };
/* End PBXFileReference section */

/* Begin PBXFrameworksBuildPhase section */
		8B65CC3C1B741CA2000CA164 /* Frameworks */ = {
			isa = PBXFrameworksBuildPhase;
			buildActionMask = 2147483647;
			files = (
			);
			runOnlyForDeploymentPostprocessing = 0;
		};
/* End PBXFrameworksBuildPhase section */

/* Begin PBXGroup section */
		8B65CC361B741CA2000CA164 = {
			isa = PBXGroup;
			children = (
				8B65CC411B741CA2000CA164 /* car */,
				8B65CC401B741CA2000CA164 /* Products */,
			);
			sourceTree = "<group>";
		};
		8B65CC401B741CA2000CA164 /* Products */ = {
			isa = PBXGroup;
			children = (
				8B65CC3F1B741CA2000CA164 /* car */,
			);
			name = Products;
			sourceTree = "<group>";
		};
		8B65CC411B741CA2000CA164 /* car */ = {
			isa = PBXGroup;
			children = (
				8B65CC421B741CA2000CA164 /* main.c */,
				8B65CC491B741D55000CA164 /* Cv4B.c */,
				8B65CC4A1B741D55000CA164 /* Cv4B.h */,
				8B65CC4E1B741EB3000CA164 /* crc32.c */,
				8B65CC4F1B741EB3000CA164 /* crc32.h */,
				8B65CC541B742000000CA164 /* car.c */,
				8B65CC551B742000000CA164 /* car.h */,
				8B65CC571B7434B6000CA164 /* list.c */,
				8B65CC581B7434B6000CA164 /* list.h */,
			);
			path = car;
			sourceTree = "<group>";
		};
/* End PBXGroup section */

/* Begin PBXNativeTarget section */
		8B65CC3E1B741CA2000CA164 /* car */ = {
			isa = PBXNativeTarget;
			buildConfigurationList = 8B65CC461B741CA2000CA164 /* Build configuration list for PBXNativeTarget "car" */;
			buildPhases = (
				8B65CC3B1B741CA2000CA164 /* Sources */,
				8B65CC3C1B741CA2000CA164 /* Frameworks */,
				8B65CC3D1B741CA2000CA164 /* CopyFiles */,
			);
			buildRules = (
			);
			dependencies = (
			);
			name = car;
			productName = car;
			productReference = 8B65CC3F1B741CA2000CA164 /* car */;
			productType = "com.apple.product-type.tool";
		};
/* End PBXNativeTarget section */

/* Begin PBXProject section */
		8B65CC371B741CA2000CA164 /* Project object */ = {
			isa = PBXProject;
			attributes = {
				LastUpgradeCheck = 0700;
				ORGANIZATIONNAME = "Corona Industries LTD";
				TargetAttributes = {
					8B65CC3E1B741CA2000CA164 = {
						CreatedOnToolsVersion = 7.0;
					};
				};
			};
			buildConfigurationList = 8B65CC3A1B741CA2000CA164 /* Build configuration list for PBXProject "car" */;
			compatibilityVersion = "Xcode 3.2";
			developmentRegion = English;
			hasScannedForEncodings = 0;
			knownRegions = (
				en,
			);
			mainGroup = 8B65CC361B741CA2000CA164;
			productRefGroup = 8B65CC401B741CA2000CA164 /* Products */;
			projectDirPath = "";
			projectRoot = "";
			targets = (
				8B65CC3E1B741CA2000CA164 /* car */,
			);
		};
/* End PBXProject section */

/* Begin PBXSourcesBuildPhase section */
		8B65CC3B1B741CA2000CA164 /* Sources */ = {
			isa = PBXSourcesBuildPhase;
			buildActionMask = 2147483647;
			files = (
				8B65CC591B7434B6000CA164 /* list.c in Sources */,
				8B65CC561B742000000CA164 /* car.c in Sources */,
				8B65CC501B741EB3000CA164 /* crc32.c in Sources */,
				8B65CC431B741CA2000CA164 /* main.c in Sources */,
				8B65CC4B1B741D55000CA164 /* Cv4B.c in Sources */,
			);
			runOnlyForDeploymentPostprocessing = 0;
		};
/* End PBXSourcesBuildPhase section */

/* Begin XCBuildConfiguration section */
		8B65CC441B741CA2000CA164 /* Debug */ = {
			isa = XCBuildConfiguration;
			buildSettings = {
				ALWAYS_SEARCH_USER_PATHS = NO;
				CLANG_CXX_LANGUAGE_STANDARD = "gnu++0x";
				CLANG_CXX_LIBRARY = "libc++";
				CLANG_ENABLE_MODULES = YES;
				CLANG_ENABLE_OBJC_ARC = YES;
				CLANG_WARN_BOOL_CONVERSION = YES;
				CLANG_WARN_CONSTANT_CONVERSION = YES;
				CLANG_WARN_DIRECT_OBJC_ISA_USAGE = YES_ERROR;
				CLANG_WARN_EMPTY_BODY = YES;
				CLANG_WARN_ENUM_CONVERSION = YES;
				CLANG_WARN_INT_CONVERSION = YES;
				CLANG_WARN_OBJC_ROOT_CLASS = YES_ERROR;
				CLANG_WARN_UNREACHABLE_CODE = YES;
				CLANG_WARN__DUPLICATE_METHOD_MATCH = YES;
				COPY_PHASE_STRIP = NO;
				DEBUG_INFORMATION_FORMAT = dwarf;
				ENABLE_STRICT_OBJC_MSGSEND = YES;
				ENABLE_TESTABILITY = YES;
				GCC_C_LANGUAGE_STANDARD = gnu99;
				GCC_DYNAMIC_NO_PIC = NO;
				GCC_NO_COMMON_BLOCKS = YES;
				GCC_OPTIMIZATION_LEVEL = 0;
				GCC_PREPROCESSOR_DEFINITIONS = (
					"DEBUG=1",
					"$(inherited)",
				);
				GCC_WARN_64_TO_32_BIT_CONVERSION = YES;
				GCC_WARN_ABOUT_RETURN_TYPE = YES_ERROR;
				GCC_WARN_UNDECLARED_SELECTOR = YES;
				GCC_WARN_UNINITIALIZED_AUTOS = YES_AGGRESSIVE;
				GCC_WARN_UNUSED_FUNCTION = YES;
				GCC_WARN_UNUSED_VARIABLE = YES;
				MACOSX_DEPLOYMENT_TARGET = 10.11;
				MTL_ENABLE_DEBUG_INFO = YES;
				ONLY_ACTIVE_ARCH = YES;
				SDKROOT = macosx;
			};
			name = Debug;
		};
		8B65CC451B741CA2000CA164 /* Release */ = {
			isa = XCBuildConfiguration;
			buildSettings = {
				ALWAYS_SEARCH_USER_PATHS = NO;
				CLANG_CXX_LANGUAGE_STANDARD = "gnu++0x";
				CLANG_CXX_LIBRARY = "libc++";
				CLANG_ENABLE_MODULES = YES;
				CLANG_ENABLE_OBJC_ARC = YES;
				CLANG_WARN_BOOL_CONVERSION = YES;
				CLANG_WARN_CONSTANT_CONVERSION = YES;
				CLANG_WARN_DIRECT_OBJC_ISA_USAGE = YES_ERROR;
				CLANG_WARN_EMPTY_BODY = YES;
				CLANG_WARN_ENUM_CONVERSION = YES;
				CLANG_WARN_INT_CONVERSION = YES;
				CLANG_WARN_OBJC_ROOT_CLASS = YES_ERROR;
				CLANG_WARN_UNREACHABLE_CODE = YES;
				CLANG_WARN__DUPLICATE_METHOD_MATCH = YES;
				COPY_PHASE_STRIP = NO;
				DEBUG_INFORMATION_FORMAT = "dwarf-with-dsym";
				ENABLE_NS_ASSERTIONS = NO;
				ENABLE_STRICT_OBJC_MSGSEND = YES;
				GCC_C_LANGUAGE_STANDARD = gnu99;
				GCC_NO_COMMON_BLOCKS = YES;
				GCC_WARN_64_TO_32_BIT_CONVERSION = YES;
				GCC_WARN_ABOUT_RETURN_TYPE = YES_ERROR;
				GCC_WARN_UNDECLARED_SELECTOR = YES;
				GCC_WARN_UNINITIALIZED_AUTOS = YES_AGGRESSIVE;
				GCC_WARN_UNUSED_FUNCTION = YES;
				GCC_WARN_UNUSED_VARIABLE = YES;
				MACOSX_DEPLOYMENT_TARGET = 10.11;
				MTL_ENABLE_DEBUG_INFO = NO;
				SDKROOT = macosx;
			};
			name = Release;
		};
		8B65CC471B741CA2000CA164 /* Debug */ = {
			isa = XCBuildConfiguration;
			buildSettings = {
				PRODUCT_NAME = "$(TARGET_NAME)";
			};
			name = Debug;
		};
		8B65CC481B741CA2000CA164 /* Release */ = {
			isa = XCBuildConfiguration;
			buildSettings = {
				PRODUCT_NAME = "$(TARGET_NAME)";
			};
			name = Release;
		};
/* End XCBuildConfiguration section */

/* Begin XCConfigurationList section */
		8B65CC3A1B741CA2000CA164 /* Build configuration list for PBXProject "car" */ = {
			isa = XCConfigurationList;
			buildConfigurations = (
				8B65CC441B741CA2000CA164 /* Debug */,
				8B65CC451B741CA2000CA164 /* Release */,
			);
			defaultConfigurationIsVisible = 0;
			defaultConfigurationName = Release;
		};
		8B65CC461B741CA2000CA164 /* Build configuration list for PBXNativeTarget "car" */ = {
			isa = XCConfigurationList;
			buildConfigurations = (
				8B65CC471B741CA2000CA164 /* Debug */,
				8B65CC481B741CA2000CA164 /* Release */,
			);
			defaultConfigurationIsVisible = 0;
		};
/* End XCConfigurationList section */
	};
	rootObject = 8B65CC371B741CA2000CA164 /* Project object */;
}
